// !$*UTF8*$!
{
	archiveVersion = 1;
	classes = {
	};
	objectVersion = 56;
	objects = {

/* Begin PBXBuildFile section */
		CA4777442C567C1900386821 /* CredentialEditorView.swift in Sources */ = {isa = PBXBuildFile; fileRef = CA4777432C567C1900386821 /* CredentialEditorView.swift */; };
		CA4777472C56DD8600386821 /* CredentialsModel.xcdatamodeld in Sources */ = {isa = PBXBuildFile; fileRef = CA4777452C56DD8600386821 /* CredentialsModel.xcdatamodeld */; };
		CA96D86D2C62987200C97006 /* UserDefaultEnum.swift in Sources */ = {isa = PBXBuildFile; fileRef = CA96D86C2C62987200C97006 /* UserDefaultEnum.swift */; };
		CA96D86F2C63CC7800C97006 /* ToolbarMenu.swift in Sources */ = {isa = PBXBuildFile; fileRef = CA96D86E2C63CC7800C97006 /* ToolbarMenu.swift */; };
		CAB0C7C22C49A3B4006F0B3B /* PassManApp.swift in Sources */ = {isa = PBXBuildFile; fileRef = CAB0C7C12C49A3B4006F0B3B /* PassManApp.swift */; };
		CAB0C7C62C49A3B9006F0B3B /* Assets.xcassets in Resources */ = {isa = PBXBuildFile; fileRef = CAB0C7C52C49A3B9006F0B3B /* Assets.xcassets */; };
		CAB0C7C92C49A3B9006F0B3B /* Preview Assets.xcassets in Resources */ = {isa = PBXBuildFile; fileRef = CAB0C7C82C49A3B9006F0B3B /* Preview Assets.xcassets */; };
		CAB0C7D02C49B21D006F0B3B /* CredentialGroupListView.swift in Sources */ = {isa = PBXBuildFile; fileRef = CAB0C7CF2C49B21D006F0B3B /* CredentialGroupListView.swift */; };
		CAB0C7D22C49B308006F0B3B /* CredentialsViewModel.swift in Sources */ = {isa = PBXBuildFile; fileRef = CAB0C7D12C49B308006F0B3B /* CredentialsViewModel.swift */; };
		CAB0C7D62C4EC846006F0B3B /* PasswordUtility.swift in Sources */ = {isa = PBXBuildFile; fileRef = CAB0C7D52C4EC845006F0B3B /* PasswordUtility.swift */; };
		CAB86CFD2C51C9C300AECF44 /* CredentialListView.swift in Sources */ = {isa = PBXBuildFile; fileRef = CAB86CFC2C51C9C300AECF44 /* CredentialListView.swift */; };
		CAC94E412C5D6A4A00C310ED /* SortingEnums.swift in Sources */ = {isa = PBXBuildFile; fileRef = CAC94E402C5D6A4A00C310ED /* SortingEnums.swift */; };
		CAEC66402C69427300F17C1A /* AuthenticationView.swift in Sources */ = {isa = PBXBuildFile; fileRef = CAEC663F2C69427300F17C1A /* AuthenticationView.swift */; };
		CAEC66422C69450B00F17C1A /* AuthenticationViewModel.swift in Sources */ = {isa = PBXBuildFile; fileRef = CAEC66412C69450B00F17C1A /* AuthenticationViewModel.swift */; };
		CAEC66442C694EEA00F17C1A /* FocusedField.swift in Sources */ = {isa = PBXBuildFile; fileRef = CAEC66432C694EEA00F17C1A /* FocusedField.swift */; };
		CAEC66472C695CEB00F17C1A /* FirstAuthenticationView.swift in Sources */ = {isa = PBXBuildFile; fileRef = CAEC66462C695CEB00F17C1A /* FirstAuthenticationView.swift */; };
		CAEC66492C695D4700F17C1A /* SubsequentAuthenticationView.swift in Sources */ = {isa = PBXBuildFile; fileRef = CAEC66482C695D4700F17C1A /* SubsequentAuthenticationView.swift */; };
		CAEC664B2C6A7C2900F17C1A /* ContentView.swift in Sources */ = {isa = PBXBuildFile; fileRef = CAEC664A2C6A7C2900F17C1A /* ContentView.swift */; };
/* End PBXBuildFile section */

/* Begin PBXFileReference section */
		CA4777432C567C1900386821 /* CredentialEditorView.swift */ = {isa = PBXFileReference; lastKnownFileType = sourcecode.swift; path = CredentialEditorView.swift; sourceTree = "<group>"; };
		CA4777462C56DD8600386821 /* CredentialsModel.xcdatamodel */ = {isa = PBXFileReference; lastKnownFileType = wrapper.xcdatamodel; path = CredentialsModel.xcdatamodel; sourceTree = "<group>"; };
		CA96D86C2C62987200C97006 /* UserDefaultEnum.swift */ = {isa = PBXFileReference; lastKnownFileType = sourcecode.swift; path = UserDefaultEnum.swift; sourceTree = "<group>"; };
		CA96D86E2C63CC7800C97006 /* ToolbarMenu.swift */ = {isa = PBXFileReference; lastKnownFileType = sourcecode.swift; path = ToolbarMenu.swift; sourceTree = "<group>"; };
		CAB0C7BE2C49A3B4006F0B3B /* PassMan.app */ = {isa = PBXFileReference; explicitFileType = wrapper.application; includeInIndex = 0; path = PassMan.app; sourceTree = BUILT_PRODUCTS_DIR; };
		CAB0C7C12C49A3B4006F0B3B /* PassManApp.swift */ = {isa = PBXFileReference; lastKnownFileType = sourcecode.swift; path = PassManApp.swift; sourceTree = "<group>"; };
		CAB0C7C52C49A3B9006F0B3B /* Assets.xcassets */ = {isa = PBXFileReference; lastKnownFileType = folder.assetcatalog; path = Assets.xcassets; sourceTree = "<group>"; };
		CAB0C7C82C49A3B9006F0B3B /* Preview Assets.xcassets */ = {isa = PBXFileReference; lastKnownFileType = folder.assetcatalog; path = "Preview Assets.xcassets"; sourceTree = "<group>"; };
		CAB0C7CF2C49B21D006F0B3B /* CredentialGroupListView.swift */ = {isa = PBXFileReference; lastKnownFileType = sourcecode.swift; path = CredentialGroupListView.swift; sourceTree = "<group>"; };
		CAB0C7D12C49B308006F0B3B /* CredentialsViewModel.swift */ = {isa = PBXFileReference; lastKnownFileType = sourcecode.swift; path = CredentialsViewModel.swift; sourceTree = "<group>"; };
		CAB0C7D52C4EC845006F0B3B /* PasswordUtility.swift */ = {isa = PBXFileReference; lastKnownFileType = sourcecode.swift; path = PasswordUtility.swift; sourceTree = "<group>"; };
		CAB86CFC2C51C9C300AECF44 /* CredentialListView.swift */ = {isa = PBXFileReference; lastKnownFileType = sourcecode.swift; path = CredentialListView.swift; sourceTree = "<group>"; };
		CAC94E402C5D6A4A00C310ED /* SortingEnums.swift */ = {isa = PBXFileReference; lastKnownFileType = sourcecode.swift; path = SortingEnums.swift; sourceTree = "<group>"; };
		CAEC663F2C69427300F17C1A /* AuthenticationView.swift */ = {isa = PBXFileReference; lastKnownFileType = sourcecode.swift; path = AuthenticationView.swift; sourceTree = "<group>"; };
		CAEC66412C69450B00F17C1A /* AuthenticationViewModel.swift */ = {isa = PBXFileReference; lastKnownFileType = sourcecode.swift; path = AuthenticationViewModel.swift; sourceTree = "<group>"; };
		CAEC66432C694EEA00F17C1A /* FocusedField.swift */ = {isa = PBXFileReference; lastKnownFileType = sourcecode.swift; path = FocusedField.swift; sourceTree = "<group>"; };
		CAEC66462C695CEB00F17C1A /* FirstAuthenticationView.swift */ = {isa = PBXFileReference; lastKnownFileType = sourcecode.swift; path = FirstAuthenticationView.swift; sourceTree = "<group>"; };
		CAEC66482C695D4700F17C1A /* SubsequentAuthenticationView.swift */ = {isa = PBXFileReference; lastKnownFileType = sourcecode.swift; path = SubsequentAuthenticationView.swift; sourceTree = "<group>"; };
		CAEC664A2C6A7C2900F17C1A /* ContentView.swift */ = {isa = PBXFileReference; lastKnownFileType = sourcecode.swift; path = ContentView.swift; sourceTree = "<group>"; };
/* End PBXFileReference section */

/* Begin PBXFrameworksBuildPhase section */
		CAB0C7BB2C49A3B4006F0B3B /* Frameworks */ = {
			isa = PBXFrameworksBuildPhase;
			buildActionMask = 2147483647;
			files = (
			);
			runOnlyForDeploymentPostprocessing = 0;
		};
/* End PBXFrameworksBuildPhase section */

/* Begin PBXGroup section */
		CA96D8722C67C19D00C97006 /* Views */ = {
			isa = PBXGroup;
			children = (
				CAEC66452C695B8200F17C1A /* Authentication */,
				CAB0C7CF2C49B21D006F0B3B /* CredentialGroupListView.swift */,
				CAB86CFC2C51C9C300AECF44 /* CredentialListView.swift */,
				CA4777432C567C1900386821 /* CredentialEditorView.swift */,
				CAEC663E2C67C81700F17C1A /* Shared */,
				CAEC664A2C6A7C2900F17C1A /* ContentView.swift */,
			);
			path = Views;
			sourceTree = "<group>";
		};
		CAB0C7B52C49A3B4006F0B3B = {
			isa = PBXGroup;
			children = (
				CAB0C7C02C49A3B4006F0B3B /* PassMan */,
				CAB0C7BF2C49A3B4006F0B3B /* Products */,
			);
			sourceTree = "<group>";
		};
		CAB0C7BF2C49A3B4006F0B3B /* Products */ = {
			isa = PBXGroup;
			children = (
				CAB0C7BE2C49A3B4006F0B3B /* PassMan.app */,
			);
			name = Products;
			sourceTree = "<group>";
		};
		CAB0C7C02C49A3B4006F0B3B /* PassMan */ = {
			isa = PBXGroup;
			children = (
				CAEC663D2C67C79500F17C1A /* ViewModels */,
				CAEC663C2C67C46A00F17C1A /* Utils */,
				CAEC663B2C67C38600F17C1A /* Models */,
				CA96D8722C67C19D00C97006 /* Views */,
				CAB0C7C12C49A3B4006F0B3B /* PassManApp.swift */,
				CA4777452C56DD8600386821 /* CredentialsModel.xcdatamodeld */,
				CAB0C7C52C49A3B9006F0B3B /* Assets.xcassets */,
				CAB0C7C72C49A3B9006F0B3B /* Preview Content */,
			);
			path = PassMan;
			sourceTree = "<group>";
		};
		CAB0C7C72C49A3B9006F0B3B /* Preview Content */ = {
			isa = PBXGroup;
			children = (
				CAB0C7C82C49A3B9006F0B3B /* Preview Assets.xcassets */,
			);
			path = "Preview Content";
			sourceTree = "<group>";
		};
		CAEC663B2C67C38600F17C1A /* Models */ = {
			isa = PBXGroup;
			children = (
				CAC94E402C5D6A4A00C310ED /* SortingEnums.swift */,
				CAEC66432C694EEA00F17C1A /* FocusedField.swift */,
			);
			path = Models;
			sourceTree = "<group>";
		};
		CAEC663C2C67C46A00F17C1A /* Utils */ = {
			isa = PBXGroup;
			children = (
				CAB0C7D52C4EC845006F0B3B /* PasswordUtility.swift */,
				CA96D86C2C62987200C97006 /* UserDefaultEnum.swift */,
			);
			path = Utils;
			sourceTree = "<group>";
		};
		CAEC663D2C67C79500F17C1A /* ViewModels */ = {
			isa = PBXGroup;
			children = (
				CAB0C7D12C49B308006F0B3B /* CredentialsViewModel.swift */,
				CAEC66412C69450B00F17C1A /* AuthenticationViewModel.swift */,
			);
			path = ViewModels;
			sourceTree = "<group>";
		};
		CAEC663E2C67C81700F17C1A /* Shared */ = {
			isa = PBXGroup;
			children = (
				CA96D86E2C63CC7800C97006 /* ToolbarMenu.swift */,
			);
			path = Shared;
			sourceTree = "<group>";
		};
		CAEC66452C695B8200F17C1A /* Authentication */ = {
			isa = PBXGroup;
			children = (
				CAEC663F2C69427300F17C1A /* AuthenticationView.swift */,
				CAEC66462C695CEB00F17C1A /* FirstAuthenticationView.swift */,
				CAEC66482C695D4700F17C1A /* SubsequentAuthenticationView.swift */,
			);
			path = Authentication;
			sourceTree = "<group>";
		};
/* End PBXGroup section */

/* Begin PBXNativeTarget section */
		CAB0C7BD2C49A3B4006F0B3B /* PassMan */ = {
			isa = PBXNativeTarget;
			buildConfigurationList = CAB0C7CC2C49A3B9006F0B3B /* Build configuration list for PBXNativeTarget "PassMan" */;
			buildPhases = (
				CAB0C7BA2C49A3B4006F0B3B /* Sources */,
				CAB0C7BB2C49A3B4006F0B3B /* Frameworks */,
				CAB0C7BC2C49A3B4006F0B3B /* Resources */,
			);
			buildRules = (
			);
			dependencies = (
			);
			name = PassMan;
			productName = PassMan;
			productReference = CAB0C7BE2C49A3B4006F0B3B /* PassMan.app */;
			productType = "com.apple.product-type.application";
		};
/* End PBXNativeTarget section */

/* Begin PBXProject section */
		CAB0C7B62C49A3B4006F0B3B /* Project object */ = {
			isa = PBXProject;
			attributes = {
				BuildIndependentTargetsInParallel = 1;
				LastSwiftUpdateCheck = 1540;
				LastUpgradeCheck = 1540;
				TargetAttributes = {
					CAB0C7BD2C49A3B4006F0B3B = {
						CreatedOnToolsVersion = 15.4;
					};
				};
			};
			buildConfigurationList = CAB0C7B92C49A3B4006F0B3B /* Build configuration list for PBXProject "PassMan" */;
			compatibilityVersion = "Xcode 14.0";
			developmentRegion = en;
			hasScannedForEncodings = 0;
			knownRegions = (
				en,
				Base,
			);
			mainGroup = CAB0C7B52C49A3B4006F0B3B;
			productRefGroup = CAB0C7BF2C49A3B4006F0B3B /* Products */;
			projectDirPath = "";
			projectRoot = "";
			targets = (
				CAB0C7BD2C49A3B4006F0B3B /* PassMan */,
			);
		};
/* End PBXProject section */

/* Begin PBXResourcesBuildPhase section */
		CAB0C7BC2C49A3B4006F0B3B /* Resources */ = {
			isa = PBXResourcesBuildPhase;
			buildActionMask = 2147483647;
			files = (
				CAB0C7C92C49A3B9006F0B3B /* Preview Assets.xcassets in Resources */,
				CAB0C7C62C49A3B9006F0B3B /* Assets.xcassets in Resources */,
			);
			runOnlyForDeploymentPostprocessing = 0;
		};
/* End PBXResourcesBuildPhase section */

/* Begin PBXSourcesBuildPhase section */
		CAB0C7BA2C49A3B4006F0B3B /* Sources */ = {
			isa = PBXSourcesBuildPhase;
			buildActionMask = 2147483647;
			files = (
				CAEC66422C69450B00F17C1A /* AuthenticationViewModel.swift in Sources */,
				CAC94E412C5D6A4A00C310ED /* SortingEnums.swift in Sources */,
				CAEC664B2C6A7C2900F17C1A /* ContentView.swift in Sources */,
				CA4777442C567C1900386821 /* CredentialEditorView.swift in Sources */,
				CAB86CFD2C51C9C300AECF44 /* CredentialListView.swift in Sources */,
				CA96D86D2C62987200C97006 /* UserDefaultEnum.swift in Sources */,
				CAB0C7D22C49B308006F0B3B /* CredentialsViewModel.swift in Sources */,
				CA4777472C56DD8600386821 /* CredentialsModel.xcdatamodeld in Sources */,
				CAB0C7D02C49B21D006F0B3B /* CredentialGroupListView.swift in Sources */,
				CAEC66402C69427300F17C1A /* AuthenticationView.swift in Sources */,
				CAEC66472C695CEB00F17C1A /* FirstAuthenticationView.swift in Sources */,
				CAEC66442C694EEA00F17C1A /* FocusedField.swift in Sources */,
				CA96D86F2C63CC7800C97006 /* ToolbarMenu.swift in Sources */,
				CAEC66492C695D4700F17C1A /* SubsequentAuthenticationView.swift in Sources */,
				CAB0C7C22C49A3B4006F0B3B /* PassManApp.swift in Sources */,
				CAB0C7D62C4EC846006F0B3B /* PasswordUtility.swift in Sources */,
			);
			runOnlyForDeploymentPostprocessing = 0;
		};
/* End PBXSourcesBuildPhase section */

/* Begin XCBuildConfiguration section */
		CAB0C7CA2C49A3B9006F0B3B /* Debug */ = {
			isa = XCBuildConfiguration;
			buildSettings = {
				ALWAYS_SEARCH_USER_PATHS = NO;
				ASSETCATALOG_COMPILER_GENERATE_SWIFT_ASSET_SYMBOL_EXTENSIONS = YES;
				CLANG_ANALYZER_NONNULL = YES;
				CLANG_ANALYZER_NUMBER_OBJECT_CONVERSION = YES_AGGRESSIVE;
				CLANG_CXX_LANGUAGE_STANDARD = "gnu++20";
				CLANG_ENABLE_MODULES = YES;
				CLANG_ENABLE_OBJC_ARC = YES;
				CLANG_ENABLE_OBJC_WEAK = YES;
				CLANG_WARN_BLOCK_CAPTURE_AUTORELEASING = YES;
				CLANG_WARN_BOOL_CONVERSION = YES;
				CLANG_WARN_COMMA = YES;
				CLANG_WARN_CONSTANT_CONVERSION = YES;
				CLANG_WARN_DEPRECATED_OBJC_IMPLEMENTATIONS = YES;
				CLANG_WARN_DIRECT_OBJC_ISA_USAGE = YES_ERROR;
				CLANG_WARN_DOCUMENTATION_COMMENTS = YES;
				CLANG_WARN_EMPTY_BODY = YES;
				CLANG_WARN_ENUM_CONVERSION = YES;
				CLANG_WARN_INFINITE_RECURSION = YES;
				CLANG_WARN_INT_CONVERSION = YES;
				CLANG_WARN_NON_LITERAL_NULL_CONVERSION = YES;
				CLANG_WARN_OBJC_IMPLICIT_RETAIN_SELF = YES;
				CLANG_WARN_OBJC_LITERAL_CONVERSION = YES;
				CLANG_WARN_OBJC_ROOT_CLASS = YES_ERROR;
				CLANG_WARN_QUOTED_INCLUDE_IN_FRAMEWORK_HEADER = YES;
				CLANG_WARN_RANGE_LOOP_ANALYSIS = YES;
				CLANG_WARN_STRICT_PROTOTYPES = YES;
				CLANG_WARN_SUSPICIOUS_MOVE = YES;
				CLANG_WARN_UNGUARDED_AVAILABILITY = YES_AGGRESSIVE;
				CLANG_WARN_UNREACHABLE_CODE = YES;
				CLANG_WARN__DUPLICATE_METHOD_MATCH = YES;
				COPY_PHASE_STRIP = NO;
				DEBUG_INFORMATION_FORMAT = dwarf;
				ENABLE_STRICT_OBJC_MSGSEND = YES;
				ENABLE_TESTABILITY = YES;
				ENABLE_USER_SCRIPT_SANDBOXING = YES;
				GCC_C_LANGUAGE_STANDARD = gnu17;
				GCC_DYNAMIC_NO_PIC = NO;
				GCC_NO_COMMON_BLOCKS = YES;
				GCC_OPTIMIZATION_LEVEL = 0;
				GCC_PREPROCESSOR_DEFINITIONS = (
					"DEBUG=1",
					"$(inherited)",
				);
				GCC_WARN_64_TO_32_BIT_CONVERSION = YES;
				GCC_WARN_ABOUT_RETURN_TYPE = YES_ERROR;
				GCC_WARN_UNDECLARED_SELECTOR = YES;
				GCC_WARN_UNINITIALIZED_AUTOS = YES_AGGRESSIVE;
				GCC_WARN_UNUSED_FUNCTION = YES;
				GCC_WARN_UNUSED_VARIABLE = YES;
				IPHONEOS_DEPLOYMENT_TARGET = 17.5;
				LOCALIZATION_PREFERS_STRING_CATALOGS = YES;
				MTL_ENABLE_DEBUG_INFO = INCLUDE_SOURCE;
				MTL_FAST_MATH = YES;
				ONLY_ACTIVE_ARCH = YES;
				SDKROOT = iphoneos;
				SWIFT_ACTIVE_COMPILATION_CONDITIONS = "DEBUG $(inherited)";
				SWIFT_OPTIMIZATION_LEVEL = "-Onone";
			};
			name = Debug;
		};
		CAB0C7CB2C49A3B9006F0B3B /* Release */ = {
			isa = XCBuildConfiguration;
			buildSettings = {
				ALWAYS_SEARCH_USER_PATHS = NO;
				ASSETCATALOG_COMPILER_GENERATE_SWIFT_ASSET_SYMBOL_EXTENSIONS = YES;
				CLANG_ANALYZER_NONNULL = YES;
				CLANG_ANALYZER_NUMBER_OBJECT_CONVERSION = YES_AGGRESSIVE;
				CLANG_CXX_LANGUAGE_STANDARD = "gnu++20";
				CLANG_ENABLE_MODULES = YES;
				CLANG_ENABLE_OBJC_ARC = YES;
				CLANG_ENABLE_OBJC_WEAK = YES;
				CLANG_WARN_BLOCK_CAPTURE_AUTORELEASING = YES;
				CLANG_WARN_BOOL_CONVERSION = YES;
				CLANG_WARN_COMMA = YES;
				CLANG_WARN_CONSTANT_CONVERSION = YES;
				CLANG_WARN_DEPRECATED_OBJC_IMPLEMENTATIONS = YES;
				CLANG_WARN_DIRECT_OBJC_ISA_USAGE = YES_ERROR;
				CLANG_WARN_DOCUMENTATION_COMMENTS = YES;
				CLANG_WARN_EMPTY_BODY = YES;
				CLANG_WARN_ENUM_CONVERSION = YES;
				CLANG_WARN_INFINITE_RECURSION = YES;
				CLANG_WARN_INT_CONVERSION = YES;
				CLANG_WARN_NON_LITERAL_NULL_CONVERSION = YES;
				CLANG_WARN_OBJC_IMPLICIT_RETAIN_SELF = YES;
				CLANG_WARN_OBJC_LITERAL_CONVERSION = YES;
				CLANG_WARN_OBJC_ROOT_CLASS = YES_ERROR;
				CLANG_WARN_QUOTED_INCLUDE_IN_FRAMEWORK_HEADER = YES;
				CLANG_WARN_RANGE_LOOP_ANALYSIS = YES;
				CLANG_WARN_STRICT_PROTOTYPES = YES;
				CLANG_WARN_SUSPICIOUS_MOVE = YES;
				CLANG_WARN_UNGUARDED_AVAILABILITY = YES_AGGRESSIVE;
				CLANG_WARN_UNREACHABLE_CODE = YES;
				CLANG_WARN__DUPLICATE_METHOD_MATCH = YES;
				COPY_PHASE_STRIP = NO;
				DEBUG_INFORMATION_FORMAT = "dwarf-with-dsym";
				ENABLE_NS_ASSERTIONS = NO;
				ENABLE_STRICT_OBJC_MSGSEND = YES;
				ENABLE_USER_SCRIPT_SANDBOXING = YES;
				GCC_C_LANGUAGE_STANDARD = gnu17;
				GCC_NO_COMMON_BLOCKS = YES;
				GCC_WARN_64_TO_32_BIT_CONVERSION = YES;
				GCC_WARN_ABOUT_RETURN_TYPE = YES_ERROR;
				GCC_WARN_UNDECLARED_SELECTOR = YES;
				GCC_WARN_UNINITIALIZED_AUTOS = YES_AGGRESSIVE;
				GCC_WARN_UNUSED_FUNCTION = YES;
				GCC_WARN_UNUSED_VARIABLE = YES;
				IPHONEOS_DEPLOYMENT_TARGET = 17.5;
				LOCALIZATION_PREFERS_STRING_CATALOGS = YES;
				MTL_ENABLE_DEBUG_INFO = NO;
				MTL_FAST_MATH = YES;
				SDKROOT = iphoneos;
				SWIFT_COMPILATION_MODE = wholemodule;
				VALIDATE_PRODUCT = YES;
			};
			name = Release;
		};
		CAB0C7CD2C49A3B9006F0B3B /* Debug */ = {
			isa = XCBuildConfiguration;
			buildSettings = {
				ASSETCATALOG_COMPILER_APPICON_NAME = AppIcon;
				ASSETCATALOG_COMPILER_GLOBAL_ACCENT_COLOR_NAME = AccentColor;
				CODE_SIGN_STYLE = Automatic;
				CURRENT_PROJECT_VERSION = 1;
				DEVELOPMENT_ASSET_PATHS = "\"PassMan/Preview Content\"";
				DEVELOPMENT_TEAM = 84ZZK9R8RZ;
				ENABLE_PREVIEWS = YES;
				GENERATE_INFOPLIST_FILE = YES;
				INFOPLIST_KEY_UIApplicationSceneManifest_Generation = YES;
				INFOPLIST_KEY_UIApplicationSupportsIndirectInputEvents = YES;
				INFOPLIST_KEY_UILaunchScreen_Generation = YES;
				INFOPLIST_KEY_UISupportedInterfaceOrientations_iPad = "UIInterfaceOrientationPortrait UIInterfaceOrientationPortraitUpsideDown UIInterfaceOrientationLandscapeLeft UIInterfaceOrientationLandscapeRight";
				INFOPLIST_KEY_UISupportedInterfaceOrientations_iPhone = "UIInterfaceOrientationPortrait UIInterfaceOrientationLandscapeLeft UIInterfaceOrientationLandscapeRight";
				LD_RUNPATH_SEARCH_PATHS = (
					"$(inherited)",
					"@executable_path/Frameworks",
				);
				MARKETING_VERSION = 1.0;
				PRODUCT_BUNDLE_IDENTIFIER = ua.vladyslav.PassMan;
				PRODUCT_NAME = "$(TARGET_NAME)";
				SWIFT_EMIT_LOC_STRINGS = YES;
				SWIFT_VERSION = 5.0;
				TARGETED_DEVICE_FAMILY = "1,2";
			};
			name = Debug;
		};
		CAB0C7CE2C49A3B9006F0B3B /* Release */ = {
			isa = XCBuildConfiguration;
			buildSettings = {
				ASSETCATALOG_COMPILER_APPICON_NAME = AppIcon;
				ASSETCATALOG_COMPILER_GLOBAL_ACCENT_COLOR_NAME = AccentColor;
				CODE_SIGN_STYLE = Automatic;
				CURRENT_PROJECT_VERSION = 1;
				DEVELOPMENT_ASSET_PATHS = "\"PassMan/Preview Content\"";
				DEVELOPMENT_TEAM = 84ZZK9R8RZ;
				ENABLE_PREVIEWS = YES;
				GENERATE_INFOPLIST_FILE = YES;
				INFOPLIST_KEY_UIApplicationSceneManifest_Generation = YES;
				INFOPLIST_KEY_UIApplicationSupportsIndirectInputEvents = YES;
				INFOPLIST_KEY_UILaunchScreen_Generation = YES;
				INFOPLIST_KEY_UISupportedInterfaceOrientations_iPad = "UIInterfaceOrientationPortrait UIInterfaceOrientationPortraitUpsideDown UIInterfaceOrientationLandscapeLeft UIInterfaceOrientationLandscapeRight";
				INFOPLIST_KEY_UISupportedInterfaceOrientations_iPhone = "UIInterfaceOrientationPortrait UIInterfaceOrientationLandscapeLeft UIInterfaceOrientationLandscapeRight";
				LD_RUNPATH_SEARCH_PATHS = (
					"$(inherited)",
					"@executable_path/Frameworks",
				);
				MARKETING_VERSION = 1.0;
				PRODUCT_BUNDLE_IDENTIFIER = ua.vladyslav.PassMan;
				PRODUCT_NAME = "$(TARGET_NAME)";
				SWIFT_EMIT_LOC_STRINGS = YES;
				SWIFT_VERSION = 5.0;
				TARGETED_DEVICE_FAMILY = "1,2";
			};
			name = Release;
		};
/* End XCBuildConfiguration section */

/* Begin XCConfigurationList section */
		CAB0C7B92C49A3B4006F0B3B /* Build configuration list for PBXProject "PassMan" */ = {
			isa = XCConfigurationList;
			buildConfigurations = (
				CAB0C7CA2C49A3B9006F0B3B /* Debug */,
				CAB0C7CB2C49A3B9006F0B3B /* Release */,
			);
			defaultConfigurationIsVisible = 0;
			defaultConfigurationName = Release;
		};
		CAB0C7CC2C49A3B9006F0B3B /* Build configuration list for PBXNativeTarget "PassMan" */ = {
			isa = XCConfigurationList;
			buildConfigurations = (
				CAB0C7CD2C49A3B9006F0B3B /* Debug */,
				CAB0C7CE2C49A3B9006F0B3B /* Release */,
			);
			defaultConfigurationIsVisible = 0;
			defaultConfigurationName = Release;
		};
/* End XCConfigurationList section */

/* Begin XCVersionGroup section */
		CA4777452C56DD8600386821 /* CredentialsModel.xcdatamodeld */ = {
			isa = XCVersionGroup;
			children = (
				CA4777462C56DD8600386821 /* CredentialsModel.xcdatamodel */,
			);
			currentVersion = CA4777462C56DD8600386821 /* CredentialsModel.xcdatamodel */;
			name = CredentialsModel.xcdatamodeld;
			path = /Users/vladislavskotarenko/Downloads/projects/PassMan/PassMan/CredentialsModel.xcdatamodeld;
			sourceTree = "<group>";
			versionGroupType = wrapper.xcdatamodel;
		};
/* End XCVersionGroup section */
	};
	rootObject = CAB0C7B62C49A3B4006F0B3B /* Project object */;
}
